
Microsoft Visual Studio Solution File, Format Version 12.00
# Visual Studio Version 17
VisualStudioVersion = 17.8.34408.163
MinimumVisualStudioVersion = 10.0.40219.1
Project("{FAE04EC0-301F-11D3-BF4B-00C04F79EFBC}") = "CodeBE_TEL", "CodeBE_TEL\CodeBE_TEL.csproj", "{E8592BA9-3689-4BC2-A3F6-311A6239A0BA}"
EndProject
Global
	GlobalSection(SolutionConfigurationPlatforms) = preSolution
		Debug|Any CPU = Debug|Any CPU
		Release|Any CPU = Release|Any CPU
	EndGlobalSection
	GlobalSection(ProjectConfigurationPlatforms) = postSolution
		{E8592BA9-3689-4BC2-A3F6-311A6239A0BA}.Debug|Any CPU.ActiveCfg = Debug|Any CPU
		{E8592BA9-3689-4BC2-A3F6-311A6239A0BA}.Debug|Any CPU.Build.0 = Debug|Any CPU
		{E8592BA9-3689-4BC2-A3F6-311A6239A0BA}.Release|Any CPU.ActiveCfg = Release|Any CPU
		{E8592BA9-3689-4BC2-A3F6-311A6239A0BA}.Release|Any CPU.Build.0 = Release|Any CPU
	EndGlobalSection
	GlobalSection(SolutionProperties) = preSolution
		HideSolutionNode = FALSE
	EndGlobalSection
	GlobalSection(ExtensibilityGlobals) = postSolution
		SolutionGuid = {E4C6160B-9E21-45FA-9CFD-5898C68CFFC7}
	EndGlobalSection
EndGlobal
